Microsoft Visual Studio Solution File, Format Version 12.00
# Visual Studio Version 18
VisualStudioVersion = 18.1.11312.151 d18.0
MinimumVisualStudioVersion = 10.0.40219.1
Project("{9A19103F-16F7-4668-BE54-9A1E7A4F7556}") = "DevKit.ExecutionEngine.SQLServer", "DevKit.ExecutionEngine.SqlServer\DevKit.ExecutionEngine.SQLServer.csproj", "{FA891614-D950-4AB3-90AA-9CEFA455AE1B}"
EndProject
Project("{9A19103F-16F7-4668-BE54-9A1E7A4F7556}") = "DevKit.Extensions", "DevKit.Extensions\DevKit.Extensions.csproj", "{AAE28E4E-9718-4412-818A-87D0D5095DE6}"
EndProject
Project("{9A19103F-16F7-4668-BE54-9A1E7A4F7556}") = "DevKit.ControlesUsuarioWin", "DevKit.ControlesUsuarioWin\DevKit.ControlesUsuarioWin.csproj", "{8E8D453F-1C83-470F-96B3-8545EFE392EA}"
EndProject
Project("{9A19103F-16F7-4668-BE54-9A1E7A4F7556}") = "DevKit.MessageBoxWin", "DevKit.MessageBoxWin\DevKit.MessageBoxWin.csproj", "{82BFC367-4A99-43EA-8C61-E92F516AD545}"
EndProject
Project("{9A19103F-16F7-4668-BE54-9A1E7A4F7556}") = "DevKit.CoreInterfaces", "DevKit.CoreInterfaces\DevKit.CoreInterfaces.csproj", "{0E7C2058-9792-4776-97BD-76DB134FED8A}"
EndProject
Project("{2150E333-8FDC-42A3-9474-1A3956D46DE8}") = "Microsoft DotNet", "Microsoft DotNet", "{270F2690-A533-4E8C-9E48-C5E736606B7D}"
EndProject
Project("{9A19103F-16F7-4668-BE54-9A1E7A4F7556}") = "DevKit.CrystalToolkit", "DevKit.CrystalToolkit\DevKit.CrystalToolkit.csproj", "{C71FA83F-B1ED-4D51-A9D0-CAFCBB234606}"
EndProject
Project("{9A19103F-16F7-4668-BE54-9A1E7A4F7556}") = "ConsoleNet8", "ConsoleApp\ConsoleNet8.csproj", "{5BAB3105-1AFF-4372-8FC0-42D5CB65247D}"
EndProject
Project("{2150E333-8FDC-42A3-9474-1A3956D46DE8}") = "2. Test Driven Development", "2. Test Driven Development", "{054342B5-A359-4449-9F5B-7BD12B0F296C}"
EndProject
Project("{2150E333-8FDC-42A3-9474-1A3956D46DE8}") = "1. Enterprise Business Rules", "1. Enterprise Business Rules", "{8CE4593B-ACCB-4BE7-A6A1-65E99F6F06BD}"
EndProject
Project("{9A19103F-16F7-4668-BE54-9A1E7A4F7556}") = "DevKit.ExecutionEngine.Oracle", "DevKit.ExecutionEngine.Oracle\DevKit.ExecutionEngine.Oracle.csproj", "{D26F66FB-8ADB-41C7-9951-9F67007154A6}"
EndProject
Project("{2150E333-8FDC-42A3-9474-1A3956D46DE8}") = "Providers", "Providers", "{BF510A24-8BE7-4971-816A-D478A5E08A63}"
EndProject
Project("{9A19103F-16F7-4668-BE54-9A1E7A4F7556}") = "DevKit.ExecutionEngine.Excel", "DevKit.ExecutionEngine.Excel\DevKit.ExecutionEngine.Excel.csproj", "{E30B7699-4953-44A3-A0BE-9AF60A66F804}"
EndProject
Project("{9A19103F-16F7-4668-BE54-9A1E7A4F7556}") = "DevKit.Email", "DevKit.Email\DevKit.Email.csproj", "{922B2D9D-1AB5-416E-AFA1-690FABF11A54}"
EndProject
Project("{9A19103F-16F7-4668-BE54-9A1E7A4F7556}") = "DevKit.JWT", "DevKit.JWT\DevKit.JWT.csproj", "{74C79C5D-13CB-41EE-84C3-96BB03FAFE92}"
EndProject
Project("{9A19103F-16F7-4668-BE54-9A1E7A4F7556}") = "DevKit.Exporter", "DevKit.Exporter\DevKit.Exporter.csproj", "{A0D0E46A-7A32-45FE-8CC7-AC51C19FB64A}"
EndProject
Project("{FAE04EC0-301F-11D3-BF4B-00C04F79EFBC}") = "DevKit.Shared.Razor", "DevKit.Shared.Razor\DevKit.Shared.Razor.csproj", "{797B6064-3B48-41BA-B0CE-247C6061A6F4}"
EndProject
Project("{2150E333-8FDC-42A3-9474-1A3956D46DE8}") = "UI", "UI", "{02EA681E-C7D8-13C7-8484-4AC65E1B71E8}"
EndProject
Project("{FAE04EC0-301F-11D3-BF4B-00C04F79EFBC}") = "DevKit.Injection.Extensions", "DevKit.Injection.Extensions\DevKit.Injection.Extensions.csproj", "{BCCA6577-15A1-4ED3-9A53-8292B14B1CB6}"
EndProject
Project("{FAE04EC0-301F-11D3-BF4B-00C04F79EFBC}") = "DevKit.ExecutionEngine.MySQL", "DevKit.ExecutionEngine.MySql\DevKit.ExecutionEngine.MySQL.csproj", "{1A9A9F59-5E04-431E-866F-7E9B56ED8D3A}"
EndProject
Project("{FAE04EC0-301F-11D3-BF4B-00C04F79EFBC}") = "DevKit.ExecutionEngine.PostgreSQL", "DevKit.ExecutionEngine.PostgreSql\DevKit.ExecutionEngine.PostgreSQL.csproj", "{F2EE1DED-E6F3-4575-A0BB-1BDD5E5D32D9}"
EndProject
Project("{FAE04EC0-301F-11D3-BF4B-00C04F79EFBC}") = "DevKit.ExecutionEngine.Redis", "DevKit.ExecutionEngine.Redis\DevKit.ExecutionEngine.Redis.csproj", "{5CA02FBA-DF42-49D3-A01F-921B3FF584C4}"
EndProject
Global
	GlobalSection(SolutionConfigurationPlatforms) = preSolution
		Debug|Any CPU = Debug|Any CPU
		Debug|x64 = Debug|x64
		Debug|x86 = Debug|x86
		Release|Any CPU = Release|Any CPU
		Release|x64 = Release|x64
		Release|x86 = Release|x86
	EndGlobalSection
	GlobalSection(ProjectConfigurationPlatforms) = postSolution
		{FA891614-D950-4AB3-90AA-9CEFA455AE1B}.Debug|Any CPU.ActiveCfg = Debug|Any CPU
		{FA891614-D950-4AB3-90AA-9CEFA455AE1B}.Debug|Any CPU.Build.0 = Debug|Any CPU
		{FA891614-D950-4AB3-90AA-9CEFA455AE1B}.Debug|x64.ActiveCfg = Debug|Any CPU
		{FA891614-D950-4AB3-90AA-9CEFA455AE1B}.Debug|x64.Build.0 = Debug|Any CPU
		{FA891614-D950-4AB3-90AA-9CEFA455AE1B}.Debug|x86.ActiveCfg = Debug|x86
		{FA891614-D950-4AB3-90AA-9CEFA455AE1B}.Debug|x86.Build.0 = Debug|x86
		{FA891614-D950-4AB3-90AA-9CEFA455AE1B}.Release|Any CPU.ActiveCfg = Release|Any CPU
		{FA891614-D950-4AB3-90AA-9CEFA455AE1B}.Release|Any CPU.Build.0 = Release|Any CPU
		{FA891614-D950-4AB3-90AA-9CEFA455AE1B}.Release|x64.ActiveCfg = Release|x64
		{FA891614-D950-4AB3-90AA-9CEFA455AE1B}.Release|x64.Build.0 = Release|x64
		{FA891614-D950-4AB3-90AA-9CEFA455AE1B}.Release|x86.ActiveCfg = Release|x86
		{FA891614-D950-4AB3-90AA-9CEFA455AE1B}.Release|x86.Build.0 = Release|x86
		{AAE28E4E-9718-4412-818A-87D0D5095DE6}.Debug|Any CPU.ActiveCfg = Debug|Any CPU
		{AAE28E4E-9718-4412-818A-87D0D5095DE6}.Debug|Any CPU.Build.0 = Debug|Any CPU
		{AAE28E4E-9718-4412-818A-87D0D5095DE6}.Debug|x64.ActiveCfg = Debug|Any CPU
		{AAE28E4E-9718-4412-818A-87D0D5095DE6}.Debug|x64.Build.0 = Debug|Any CPU
		{AAE28E4E-9718-4412-818A-87D0D5095DE6}.Debug|x86.ActiveCfg = Debug|x86
		{AAE28E4E-9718-4412-818A-87D0D5095DE6}.Debug|x86.Build.0 = Debug|x86
		{AAE28E4E-9718-4412-818A-87D0D5095DE6}.Release|Any CPU.ActiveCfg = Release|Any CPU
		{AAE28E4E-9718-4412-818A-87D0D5095DE6}.Release|Any CPU.Build.0 = Release|Any CPU
		{AAE28E4E-9718-4412-818A-87D0D5095DE6}.Release|x64.ActiveCfg = Release|x64
		{AAE28E4E-9718-4412-818A-87D0D5095DE6}.Release|x64.Build.0 = Release|x64
		{AAE28E4E-9718-4412-818A-87D0D5095DE6}.Release|x86.ActiveCfg = Release|x86
		{AAE28E4E-9718-4412-818A-87D0D5095DE6}.Release|x86.Build.0 = Release|x86
		{8E8D453F-1C83-470F-96B3-8545EFE392EA}.Debug|Any CPU.ActiveCfg = Debug|Any CPU
		{8E8D453F-1C83-470F-96B3-8545EFE392EA}.Debug|Any CPU.Build.0 = Debug|Any CPU
		{8E8D453F-1C83-470F-96B3-8545EFE392EA}.Debug|x64.ActiveCfg = Debug|Any CPU
		{8E8D453F-1C83-470F-96B3-8545EFE392EA}.Debug|x64.Build.0 = Debug|Any CPU
		{8E8D453F-1C83-470F-96B3-8545EFE392EA}.Debug|x86.ActiveCfg = Debug|Any CPU
		{8E8D453F-1C83-470F-96B3-8545EFE392EA}.Debug|x86.Build.0 = Debug|Any CPU
		{8E8D453F-1C83-470F-96B3-8545EFE392EA}.Release|Any CPU.ActiveCfg = Release|Any CPU
		{8E8D453F-1C83-470F-96B3-8545EFE392EA}.Release|Any CPU.Build.0 = Release|Any CPU
		{8E8D453F-1C83-470F-96B3-8545EFE392EA}.Release|x64.ActiveCfg = Release|x64
		{8E8D453F-1C83-470F-96B3-8545EFE392EA}.Release|x64.Build.0 = Release|x64
		{8E8D453F-1C83-470F-96B3-8545EFE392EA}.Release|x86.ActiveCfg = Release|Any CPU
		{8E8D453F-1C83-470F-96B3-8545EFE392EA}.Release|x86.Build.0 = Release|Any CPU
		{82BFC367-4A99-43EA-8C61-E92F516AD545}.Debug|Any CPU.ActiveCfg = Debug|Any CPU
		{82BFC367-4A99-43EA-8C61-E92F516AD545}.Debug|Any CPU.Build.0 = Debug|Any CPU
		{82BFC367-4A99-43EA-8C61-E92F516AD545}.Debug|x64.ActiveCfg = Debug|x64
		{82BFC367-4A99-43EA-8C61-E92F516AD545}.Debug|x64.Build.0 = Debug|x64
		{82BFC367-4A99-43EA-8C61-E92F516AD545}.Debug|x86.ActiveCfg = Debug|Any CPU
		{82BFC367-4A99-43EA-8C61-E92F516AD545}.Debug|x86.Build.0 = Debug|Any CPU
		{82BFC367-4A99-43EA-8C61-E92F516AD545}.Release|Any CPU.ActiveCfg = Release|Any CPU
		{82BFC367-4A99-43EA-8C61-E92F516AD545}.Release|Any CPU.Build.0 = Release|Any CPU
		{82BFC367-4A99-43EA-8C61-E92F516AD545}.Release|x64.ActiveCfg = Release|x64
		{82BFC367-4A99-43EA-8C61-E92F516AD545}.Release|x64.Build.0 = Release|x64
		{82BFC367-4A99-43EA-8C61-E92F516AD545}.Release|x86.ActiveCfg = Release|Any CPU
		{82BFC367-4A99-43EA-8C61-E92F516AD545}.Release|x86.Build.0 = Release|Any CPU
		{0E7C2058-9792-4776-97BD-76DB134FED8A}.Debug|Any CPU.ActiveCfg = Debug|Any CPU
		{0E7C2058-9792-4776-97BD-76DB134FED8A}.Debug|Any CPU.Build.0 = Debug|Any CPU
		{0E7C2058-9792-4776-97BD-76DB134FED8A}.Debug|x64.ActiveCfg = Debug|Any CPU
		{0E7C2058-9792-4776-97BD-76DB134FED8A}.Debug|x64.Build.0 = Debug|Any CPU
		{0E7C2058-9792-4776-97BD-76DB134FED8A}.Debug|x86.ActiveCfg = Debug|Any CPU
		{0E7C2058-9792-4776-97BD-76DB134FED8A}.Debug|x86.Build.0 = Debug|Any CPU
		{0E7C2058-9792-4776-97BD-76DB134FED8A}.Release|Any CPU.ActiveCfg = Release|Any CPU
		{0E7C2058-9792-4776-97BD-76DB134FED8A}.Release|Any CPU.Build.0 = Release|Any CPU
		{0E7C2058-9792-4776-97BD-76DB134FED8A}.Release|x64.ActiveCfg = Release|Any CPU
		{0E7C2058-9792-4776-97BD-76DB134FED8A}.Release|x64.Build.0 = Release|Any CPU
		{0E7C2058-9792-4776-97BD-76DB134FED8A}.Release|x86.ActiveCfg = Release|Any CPU
		{0E7C2058-9792-4776-97BD-76DB134FED8A}.Release|x86.Build.0 = Release|Any CPU
		{C71FA83F-B1ED-4D51-A9D0-CAFCBB234606}.Debug|Any CPU.ActiveCfg = Debug|Any CPU
		{C71FA83F-B1ED-4D51-A9D0-CAFCBB234606}.Debug|Any CPU.Build.0 = Debug|Any CPU
		{C71FA83F-B1ED-4D51-A9D0-CAFCBB234606}.Debug|x64.ActiveCfg = Debug|Any CPU
		{C71FA83F-B1ED-4D51-A9D0-CAFCBB234606}.Debug|x64.Build.0 = Debug|Any CPU
		{C71FA83F-B1ED-4D51-A9D0-CAFCBB234606}.Debug|x86.ActiveCfg = Debug|Any CPU
		{C71FA83F-B1ED-4D51-A9D0-CAFCBB234606}.Debug|x86.Build.0 = Debug|Any CPU
		{C71FA83F-B1ED-4D51-A9D0-CAFCBB234606}.Release|Any CPU.ActiveCfg = Release|Any CPU
		{C71FA83F-B1ED-4D51-A9D0-CAFCBB234606}.Release|Any CPU.Build.0 = Release|Any CPU
		{C71FA83F-B1ED-4D51-A9D0-CAFCBB234606}.Release|x64.ActiveCfg = Release|Any CPU
		{C71FA83F-B1ED-4D51-A9D0-CAFCBB234606}.Release|x64.Build.0 = Release|Any CPU
		{C71FA83F-B1ED-4D51-A9D0-CAFCBB234606}.Release|x86.ActiveCfg = Release|Any CPU
		{C71FA83F-B1ED-4D51-A9D0-CAFCBB234606}.Release|x86.Build.0 = Release|Any CPU
		{5BAB3105-1AFF-4372-8FC0-42D5CB65247D}.Debug|Any CPU.ActiveCfg = Debug|Any CPU
		{5BAB3105-1AFF-4372-8FC0-42D5CB65247D}.Debug|Any CPU.Build.0 = Debug|Any CPU
		{5BAB3105-1AFF-4372-8FC0-42D5CB65247D}.Debug|x64.ActiveCfg = Debug|Any CPU
		{5BAB3105-1AFF-4372-8FC0-42D5CB65247D}.Debug|x64.Build.0 = Debug|Any CPU
		{5BAB3105-1AFF-4372-8FC0-42D5CB65247D}.Debug|x86.ActiveCfg = Debug|Any CPU
		{5BAB3105-1AFF-4372-8FC0-42D5CB65247D}.Debug|x86.Build.0 = Debug|Any CPU
		{5BAB3105-1AFF-4372-8FC0-42D5CB65247D}.Release|Any CPU.ActiveCfg = Release|Any CPU
		{5BAB3105-1AFF-4372-8FC0-42D5CB65247D}.Release|Any CPU.Build.0 = Release|Any CPU
		{5BAB3105-1AFF-4372-8FC0-42D5CB65247D}.Release|x64.ActiveCfg = Release|Any CPU
		{5BAB3105-1AFF-4372-8FC0-42D5CB65247D}.Release|x64.Build.0 = Release|Any CPU
		{5BAB3105-1AFF-4372-8FC0-42D5CB65247D}.Release|x86.ActiveCfg = Release|Any CPU
		{5BAB3105-1AFF-4372-8FC0-42D5CB65247D}.Release|x86.Build.0 = Release|Any CPU
		{D26F66FB-8ADB-41C7-9951-9F67007154A6}.Debug|Any CPU.ActiveCfg = Debug|Any CPU
		{D26F66FB-8ADB-41C7-9951-9F67007154A6}.Debug|Any CPU.Build.0 = Debug|Any CPU
		{D26F66FB-8ADB-41C7-9951-9F67007154A6}.Debug|x64.ActiveCfg = Debug|Any CPU
		{D26F66FB-8ADB-41C7-9951-9F67007154A6}.Debug|x64.Build.0 = Debug|Any CPU
		{D26F66FB-8ADB-41C7-9951-9F67007154A6}.Debug|x86.ActiveCfg = Debug|Any CPU
		{D26F66FB-8ADB-41C7-9951-9F67007154A6}.Debug|x86.Build.0 = Debug|Any CPU
		{D26F66FB-8ADB-41C7-9951-9F67007154A6}.Release|Any CPU.ActiveCfg = Release|Any CPU
		{D26F66FB-8ADB-41C7-9951-9F67007154A6}.Release|Any CPU.Build.0 = Release|Any CPU
		{D26F66FB-8ADB-41C7-9951-9F67007154A6}.Release|x64.ActiveCfg = Release|Any CPU
		{D26F66FB-8ADB-41C7-9951-9F67007154A6}.Release|x64.Build.0 = Release|Any CPU
		{D26F66FB-8ADB-41C7-9951-9F67007154A6}.Release|x86.ActiveCfg = Release|Any CPU
		{D26F66FB-8ADB-41C7-9951-9F67007154A6}.Release|x86.Build.0 = Release|Any CPU
		{E30B7699-4953-44A3-A0BE-9AF60A66F804}.Debug|Any CPU.ActiveCfg = Debug|Any CPU
		{E30B7699-4953-44A3-A0BE-9AF60A66F804}.Debug|Any CPU.Build.0 = Debug|Any CPU
		{E30B7699-4953-44A3-A0BE-9AF60A66F804}.Debug|x64.ActiveCfg = Debug|Any CPU
		{E30B7699-4953-44A3-A0BE-9AF60A66F804}.Debug|x64.Build.0 = Debug|Any CPU
		{E30B7699-4953-44A3-A0BE-9AF60A66F804}.Debug|x86.ActiveCfg = Debug|Any CPU
		{E30B7699-4953-44A3-A0BE-9AF60A66F804}.Debug|x86.Build.0 = Debug|Any CPU
		{E30B7699-4953-44A3-A0BE-9AF60A66F804}.Release|Any CPU.ActiveCfg = Release|Any CPU
		{E30B7699-4953-44A3-A0BE-9AF60A66F804}.Release|Any CPU.Build.0 = Release|Any CPU
		{E30B7699-4953-44A3-A0BE-9AF60A66F804}.Release|x64.ActiveCfg = Release|Any CPU
		{E30B7699-4953-44A3-A0BE-9AF60A66F804}.Release|x64.Build.0 = Release|Any CPU
		{E30B7699-4953-44A3-A0BE-9AF60A66F804}.Release|x86.ActiveCfg = Release|Any CPU
		{E30B7699-4953-44A3-A0BE-9AF60A66F804}.Release|x86.Build.0 = Release|Any CPU
		{922B2D9D-1AB5-416E-AFA1-690FABF11A54}.Debug|Any CPU.ActiveCfg = Debug|Any CPU
		{922B2D9D-1AB5-416E-AFA1-690FABF11A54}.Debug|Any CPU.Build.0 = Debug|Any CPU
		{922B2D9D-1AB5-416E-AFA1-690FABF11A54}.Debug|x64.ActiveCfg = Debug|Any CPU
		{922B2D9D-1AB5-416E-AFA1-690FABF11A54}.Debug|x64.Build.0 = Debug|Any CPU
		{922B2D9D-1AB5-416E-AFA1-690FABF11A54}.Debug|x86.ActiveCfg = Debug|Any CPU
		{922B2D9D-1AB5-416E-AFA1-690FABF11A54}.Debug|x86.Build.0 = Debug|Any CPU
		{922B2D9D-1AB5-416E-AFA1-690FABF11A54}.Release|Any CPU.ActiveCfg = Release|Any CPU
		{922B2D9D-1AB5-416E-AFA1-690FABF11A54}.Release|Any CPU.Build.0 = Release|Any CPU
		{922B2D9D-1AB5-416E-AFA1-690FABF11A54}.Release|x64.ActiveCfg = Release|Any CPU
		{922B2D9D-1AB5-416E-AFA1-690FABF11A54}.Release|x64.Build.0 = Release|Any CPU
		{922B2D9D-1AB5-416E-AFA1-690FABF11A54}.Release|x86.ActiveCfg = Release|Any CPU
		{922B2D9D-1AB5-416E-AFA1-690FABF11A54}.Release|x86.Build.0 = Release|Any CPU
		{74C79C5D-13CB-41EE-84C3-96BB03FAFE92}.Debug|Any CPU.ActiveCfg = Debug|Any CPU
		{74C79C5D-13CB-41EE-84C3-96BB03FAFE92}.Debug|Any CPU.Build.0 = Debug|Any CPU
		{74C79C5D-13CB-41EE-84C3-96BB03FAFE92}.Debug|x64.ActiveCfg = Debug|Any CPU
		{74C79C5D-13CB-41EE-84C3-96BB03FAFE92}.Debug|x64.Build.0 = Debug|Any CPU
		{74C79C5D-13CB-41EE-84C3-96BB03FAFE92}.Debug|x86.ActiveCfg = Debug|Any CPU
		{74C79C5D-13CB-41EE-84C3-96BB03FAFE92}.Debug|x86.Build.0 = Debug|Any CPU
		{74C79C5D-13CB-41EE-84C3-96BB03FAFE92}.Release|Any CPU.ActiveCfg = Release|Any CPU
		{74C79C5D-13CB-41EE-84C3-96BB03FAFE92}.Release|Any CPU.Build.0 = Release|Any CPU
		{74C79C5D-13CB-41EE-84C3-96BB03FAFE92}.Release|x64.ActiveCfg = Release|Any CPU
		{74C79C5D-13CB-41EE-84C3-96BB03FAFE92}.Release|x64.Build.0 = Release|Any CPU
		{74C79C5D-13CB-41EE-84C3-96BB03FAFE92}.Release|x86.ActiveCfg = Release|Any CPU
		{74C79C5D-13CB-41EE-84C3-96BB03FAFE92}.Release|x86.Build.0 = Release|Any CPU
		{A0D0E46A-7A32-45FE-8CC7-AC51C19FB64A}.Debug|Any CPU.ActiveCfg = Debug|Any CPU
		{A0D0E46A-7A32-45FE-8CC7-AC51C19FB64A}.Debug|Any CPU.Build.0 = Debug|Any CPU
		{A0D0E46A-7A32-45FE-8CC7-AC51C19FB64A}.Debug|x64.ActiveCfg = Debug|Any CPU
		{A0D0E46A-7A32-45FE-8CC7-AC51C19FB64A}.Debug|x64.Build.0 = Debug|Any CPU
		{A0D0E46A-7A32-45FE-8CC7-AC51C19FB64A}.Debug|x86.ActiveCfg = Debug|Any CPU
		{A0D0E46A-7A32-45FE-8CC7-AC51C19FB64A}.Debug|x86.Build.0 = Debug|Any CPU
		{A0D0E46A-7A32-45FE-8CC7-AC51C19FB64A}.Release|Any CPU.ActiveCfg = Release|Any CPU
		{A0D0E46A-7A32-45FE-8CC7-AC51C19FB64A}.Release|Any CPU.Build.0 = Release|Any CPU
		{A0D0E46A-7A32-45FE-8CC7-AC51C19FB64A}.Release|x64.ActiveCfg = Release|Any CPU
		{A0D0E46A-7A32-45FE-8CC7-AC51C19FB64A}.Release|x64.Build.0 = Release|Any CPU
		{A0D0E46A-7A32-45FE-8CC7-AC51C19FB64A}.Release|x86.ActiveCfg = Release|Any CPU
		{A0D0E46A-7A32-45FE-8CC7-AC51C19FB64A}.Release|x86.Build.0 = Release|Any CPU
		{797B6064-3B48-41BA-B0CE-247C6061A6F4}.Debug|Any CPU.ActiveCfg = Debug|Any CPU
		{797B6064-3B48-41BA-B0CE-247C6061A6F4}.Debug|Any CPU.Build.0 = Debug|Any CPU
		{797B6064-3B48-41BA-B0CE-247C6061A6F4}.Debug|x64.ActiveCfg = Debug|Any CPU
		{797B6064-3B48-41BA-B0CE-247C6061A6F4}.Debug|x64.Build.0 = Debug|Any CPU
		{797B6064-3B48-41BA-B0CE-247C6061A6F4}.Debug|x86.ActiveCfg = Debug|Any CPU
		{797B6064-3B48-41BA-B0CE-247C6061A6F4}.Debug|x86.Build.0 = Debug|Any CPU
		{797B6064-3B48-41BA-B0CE-247C6061A6F4}.Release|Any CPU.ActiveCfg = Release|Any CPU
		{797B6064-3B48-41BA-B0CE-247C6061A6F4}.Release|Any CPU.Build.0 = Release|Any CPU
		{797B6064-3B48-41BA-B0CE-247C6061A6F4}.Release|x64.ActiveCfg = Release|Any CPU
		{797B6064-3B48-41BA-B0CE-247C6061A6F4}.Release|x64.Build.0 = Release|Any CPU
		{797B6064-3B48-41BA-B0CE-247C6061A6F4}.Release|x86.ActiveCfg = Release|Any CPU
		{797B6064-3B48-41BA-B0CE-247C6061A6F4}.Release|x86.Build.0 = Release|Any CPU
		{BCCA6577-15A1-4ED3-9A53-8292B14B1CB6}.Debug|Any CPU.ActiveCfg = Debug|Any CPU
		{BCCA6577-15A1-4ED3-9A53-8292B14B1CB6}.Debug|Any CPU.Build.0 = Debug|Any CPU
		{BCCA6577-15A1-4ED3-9A53-8292B14B1CB6}.Debug|x64.ActiveCfg = Debug|Any CPU
		{BCCA6577-15A1-4ED3-9A53-8292B14B1CB6}.Debug|x64.Build.0 = Debug|Any CPU
		{BCCA6577-15A1-4ED3-9A53-8292B14B1CB6}.Debug|x86.ActiveCfg = Debug|Any CPU
		{BCCA6577-15A1-4ED3-9A53-8292B14B1CB6}.Debug|x86.Build.0 = Debug|Any CPU
		{BCCA6577-15A1-4ED3-9A53-8292B14B1CB6}.Release|Any CPU.ActiveCfg = Release|Any CPU
		{BCCA6577-15A1-4ED3-9A53-8292B14B1CB6}.Release|Any CPU.Build.0 = Release|Any CPU
		{BCCA6577-15A1-4ED3-9A53-8292B14B1CB6}.Release|x64.ActiveCfg = Release|Any CPU
		{BCCA6577-15A1-4ED3-9A53-8292B14B1CB6}.Release|x64.Build.0 = Release|Any CPU
		{BCCA6577-15A1-4ED3-9A53-8292B14B1CB6}.Release|x86.ActiveCfg = Release|Any CPU
		{BCCA6577-15A1-4ED3-9A53-8292B14B1CB6}.Release|x86.Build.0 = Release|Any CPU
		{1A9A9F59-5E04-431E-866F-7E9B56ED8D3A}.Debug|Any CPU.ActiveCfg = Debug|Any CPU
		{1A9A9F59-5E04-431E-866F-7E9B56ED8D3A}.Debug|Any CPU.Build.0 = Debug|Any CPU
		{1A9A9F59-5E04-431E-866F-7E9B56ED8D3A}.Debug|x64.ActiveCfg = Debug|Any CPU
		{1A9A9F59-5E04-431E-866F-7E9B56ED8D3A}.Debug|x64.Build.0 = Debug|Any CPU
		{1A9A9F59-5E04-431E-866F-7E9B56ED8D3A}.Debug|x86.ActiveCfg = Debug|Any CPU
		{1A9A9F59-5E04-431E-866F-7E9B56ED8D3A}.Debug|x86.Build.0 = Debug|Any CPU
		{1A9A9F59-5E04-431E-866F-7E9B56ED8D3A}.Release|Any CPU.ActiveCfg = Release|Any CPU
		{1A9A9F59-5E04-431E-866F-7E9B56ED8D3A}.Release|Any CPU.Build.0 = Release|Any CPU
		{1A9A9F59-5E04-431E-866F-7E9B56ED8D3A}.Release|x64.ActiveCfg = Release|Any CPU
		{1A9A9F59-5E04-431E-866F-7E9B56ED8D3A}.Release|x64.Build.0 = Release|Any CPU
		{1A9A9F59-5E04-431E-866F-7E9B56ED8D3A}.Release|x86.ActiveCfg = Release|Any CPU
		{1A9A9F59-5E04-431E-866F-7E9B56ED8D3A}.Release|x86.Build.0 = Release|Any CPU
		{F2EE1DED-E6F3-4575-A0BB-1BDD5E5D32D9}.Debug|Any CPU.ActiveCfg = Debug|Any CPU
		{F2EE1DED-E6F3-4575-A0BB-1BDD5E5D32D9}.Debug|Any CPU.Build.0 = Debug|Any CPU
		{F2EE1DED-E6F3-4575-A0BB-1BDD5E5D32D9}.Debug|x64.ActiveCfg = Debug|Any CPU
		{F2EE1DED-E6F3-4575-A0BB-1BDD5E5D32D9}.Debug|x64.Build.0 = Debug|Any CPU
		{F2EE1DED-E6F3-4575-A0BB-1BDD5E5D32D9}.Debug|x86.ActiveCfg = Debug|Any CPU
		{F2EE1DED-E6F3-4575-A0BB-1BDD5E5D32D9}.Debug|x86.Build.0 = Debug|Any CPU
		{F2EE1DED-E6F3-4575-A0BB-1BDD5E5D32D9}.Release|Any CPU.ActiveCfg = Release|Any CPU
		{F2EE1DED-E6F3-4575-A0BB-1BDD5E5D32D9}.Release|Any CPU.Build.0 = Release|Any CPU
		{F2EE1DED-E6F3-4575-A0BB-1BDD5E5D32D9}.Release|x64.ActiveCfg = Release|Any CPU
		{F2EE1DED-E6F3-4575-A0BB-1BDD5E5D32D9}.Release|x64.Build.0 = Release|Any CPU
		{F2EE1DED-E6F3-4575-A0BB-1BDD5E5D32D9}.Release|x86.ActiveCfg = Release|Any CPU
		{F2EE1DED-E6F3-4575-A0BB-1BDD5E5D32D9}.Release|x86.Build.0 = Release|Any CPU
		{5CA02FBA-DF42-49D3-A01F-921B3FF584C4}.Debug|Any CPU.ActiveCfg = Debug|Any CPU
		{5CA02FBA-DF42-49D3-A01F-921B3FF584C4}.Debug|Any CPU.Build.0 = Debug|Any CPU
		{5CA02FBA-DF42-49D3-A01F-921B3FF584C4}.Debug|x64.ActiveCfg = Debug|Any CPU
		{5CA02FBA-DF42-49D3-A01F-921B3FF584C4}.Debug|x64.Build.0 = Debug|Any CPU
		{5CA02FBA-DF42-49D3-A01F-921B3FF584C4}.Debug|x86.ActiveCfg = Debug|Any CPU
		{5CA02FBA-DF42-49D3-A01F-921B3FF584C4}.Debug|x86.Build.0 = Debug|Any CPU
		{5CA02FBA-DF42-49D3-A01F-921B3FF584C4}.Release|Any CPU.ActiveCfg = Release|Any CPU
		{5CA02FBA-DF42-49D3-A01F-921B3FF584C4}.Release|Any CPU.Build.0 = Release|Any CPU
		{5CA02FBA-DF42-49D3-A01F-921B3FF584C4}.Release|x64.ActiveCfg = Release|Any CPU
		{5CA02FBA-DF42-49D3-A01F-921B3FF584C4}.Release|x64.Build.0 = Release|Any CPU
		{5CA02FBA-DF42-49D3-A01F-921B3FF584C4}.Release|x86.ActiveCfg = Release|Any CPU
		{5CA02FBA-DF42-49D3-A01F-921B3FF584C4}.Release|x86.Build.0 = Release|Any CPU
	EndGlobalSection
	GlobalSection(SolutionProperties) = preSolution
		HideSolutionNode = FALSE
	EndGlobalSection
	GlobalSection(NestedProjects) = preSolution
		{FA891614-D950-4AB3-90AA-9CEFA455AE1B} = {BF510A24-8BE7-4971-816A-D478A5E08A63}
		{AAE28E4E-9718-4412-818A-87D0D5095DE6} = {8CE4593B-ACCB-4BE7-A6A1-65E99F6F06BD}
		{8E8D453F-1C83-470F-96B3-8545EFE392EA} = {02EA681E-C7D8-13C7-8484-4AC65E1B71E8}
		{82BFC367-4A99-43EA-8C61-E92F516AD545} = {02EA681E-C7D8-13C7-8484-4AC65E1B71E8}
		{0E7C2058-9792-4776-97BD-76DB134FED8A} = {8CE4593B-ACCB-4BE7-A6A1-65E99F6F06BD}
		{C71FA83F-B1ED-4D51-A9D0-CAFCBB234606} = {8CE4593B-ACCB-4BE7-A6A1-65E99F6F06BD}
		{5BAB3105-1AFF-4372-8FC0-42D5CB65247D} = {054342B5-A359-4449-9F5B-7BD12B0F296C}
		{054342B5-A359-4449-9F5B-7BD12B0F296C} = {270F2690-A533-4E8C-9E48-C5E736606B7D}
		{8CE4593B-ACCB-4BE7-A6A1-65E99F6F06BD} = {270F2690-A533-4E8C-9E48-C5E736606B7D}
		{D26F66FB-8ADB-41C7-9951-9F67007154A6} = {BF510A24-8BE7-4971-816A-D478A5E08A63}
		{BF510A24-8BE7-4971-816A-D478A5E08A63} = {8CE4593B-ACCB-4BE7-A6A1-65E99F6F06BD}
		{E30B7699-4953-44A3-A0BE-9AF60A66F804} = {BF510A24-8BE7-4971-816A-D478A5E08A63}
		{922B2D9D-1AB5-416E-AFA1-690FABF11A54} = {8CE4593B-ACCB-4BE7-A6A1-65E99F6F06BD}
		{74C79C5D-13CB-41EE-84C3-96BB03FAFE92} = {8CE4593B-ACCB-4BE7-A6A1-65E99F6F06BD}
		{A0D0E46A-7A32-45FE-8CC7-AC51C19FB64A} = {8CE4593B-ACCB-4BE7-A6A1-65E99F6F06BD}
		{797B6064-3B48-41BA-B0CE-247C6061A6F4} = {02EA681E-C7D8-13C7-8484-4AC65E1B71E8}
		{02EA681E-C7D8-13C7-8484-4AC65E1B71E8} = {8CE4593B-ACCB-4BE7-A6A1-65E99F6F06BD}
		{BCCA6577-15A1-4ED3-9A53-8292B14B1CB6} = {8CE4593B-ACCB-4BE7-A6A1-65E99F6F06BD}
		{1A9A9F59-5E04-431E-866F-7E9B56ED8D3A} = {BF510A24-8BE7-4971-816A-D478A5E08A63}
		{F2EE1DED-E6F3-4575-A0BB-1BDD5E5D32D9} = {BF510A24-8BE7-4971-816A-D478A5E08A63}
		{5CA02FBA-DF42-49D3-A01F-921B3FF584C4} = {BF510A24-8BE7-4971-816A-D478A5E08A63}
	EndGlobalSection
	GlobalSection(ExtensibilityGlobals) = postSolution
		SolutionGuid = {BC77D7C1-E6B1-44DE-A6E0-06C7D4591D1C}
	EndGlobalSection
EndGlobal
